<?xml version="1.0" encoding="utf-8"?>
<Project ToolsVersion="4.0" xmlns="http://schemas.microsoft.com/developer/msbuild/2003">
  <ItemGroup>
    <Filter Include="Sources">
      <UniqueIdentifier>{4FC737F1-C7A5-4376-A066-2A32D752A2FF}</UniqueIdentifier>
      <Extensions>cpp;c;cc;cxx;c++;cppm;ixx;def;odl;idl;hpj;bat;asm;asmx</Extensions>
    </Filter>
  </ItemGroup>
  <ItemGroup>
    <ClCompile Include="GameMain.cpp">
      <Filter>Sources</Filter>
    </ClCompile>
    <ClCompile Include="Game.cpp">
      <Filter>Sources</Filter>
    </ClCompile>
    <ClCompile Include="TimeService.cpp">
      <Filter>Sources</Filter>
    </ClCompile>
    <ClCompile Include="GameStateMachine.cpp">
      <Filter>Sources</Filter>
    </ClCompile>
    <ClCompile Include="GameState.cpp">
      <Filter>Sources</Filter>
    </ClCompile>
    <ClCompile Include="ResourceLoader.cpp">
      <Filter>Sources</Filter>
    </ClCompile>
    <ClCompile Include="MainMenuState.cpp">
      <Filter>Sources</Filter>
    </ClCompile>
    <ClCompile Include="TextMenu.cpp">
      <Filter>Sources</Filter>
    </ClCompile>
    <ClCompile Include="Text.cpp">
      <Filter>Sources</Filter>
    </ClCompile>
    <ClCompile Include="Mathematics.cpp">
      <Filter>Sources</Filter>
    </ClCompile>
    <ClCompile Include="GameplayState.cpp">
      <Filter>Sources</Filter>
    </ClCompile>
    <ClCompile Include="CloseApplication.cpp">
      <Filter>Sources</Filter>
    </ClCompile>
    <ClCompile Include="Snake.cpp">
      <Filter>Sources</Filter>
    </ClCompile>
    <ClCompile Include="Sprite.cpp">
      <Filter>Sources</Filter>
    </ClCompile>
    <ClCompile Include="GameDifficultyService.cpp">
      <Filter>Sources</Filter>
    </ClCompile>
    <ClCompile Include="AppleService.cpp">
      <Filter>Sources</Filter>
    </ClCompile>
    <ClCompile Include="PointsService.cpp">
      <Filter>Sources</Filter>
    </ClCompile>
    <ClCompile Include="Utils.cpp">
      <Filter>Sources</Filter>
    </ClCompile>
    <ClCompile Include="WallCreator.cpp">
      <Filter>Sources</Filter>
    </ClCompile>
    <ClCompile Include="TableOfRecordsState.cpp">
      <Filter>Sources</Filter>
    </ClCompile>
    <ClCompile Include="PopUpState.cpp">
      <Filter>Sources</Filter>
    </ClCompile>
    <ClCompile Include="PopUpStateMachine.cpp">
      <Filter>Sources</Filter>
    </ClCompile>
    <ClCompile Include="NoPopUp.cpp">
      <Filter>Sources</Filter>
    </ClCompile>
    <ClCompile Include="EnterNamePopUpState.cpp">
      <Filter>Sources</Filter>
    </ClCompile>
    <ClCompile Include="RecordTablePopUpState.cpp">
      <Filter>Sources</Filter>
    </ClCompile>
    <ClCompile Include="AddNamePopUpState.cpp">
      <Filter>Sources</Filter>
    </ClCompile>
    <ClCompile Include="AudioService.cpp">
      <Filter>Sources</Filter>
    </ClCompile>
  </ItemGroup>
  <ItemGroup>
    <ClInclude Include="GameMain.h" />
    <ClInclude Include="Game.h" />
    <ClInclude Include="TimeService.h" />
    <ClInclude Include="GameStateMachine.h" />
    <ClInclude Include="GameState.h" />
    <ClInclude Include="ResourceLoader.h" />
    <ClInclude Include="MainMenuState.h" />
    <ClInclude Include="TextMenu.h" />
    <ClInclude Include="Text.h" />
    <ClInclude Include="Mathematics.h" />
    <ClInclude Include="GameplayState.h" />
    <ClInclude Include="CloseApplication.h" />
    <ClInclude Include="Snake.h" />
    <ClInclude Include="Sprite.h" />
    <ClInclude Include="GameDifficultyService.h" />
    <ClInclude Include="AppleService.h" />
    <ClInclude Include="PointsService.h" />
    <ClInclude Include="Utils.h" />
    <ClInclude Include="WallCreator.h" />
    <ClInclude Include="TableOfRecordsState.h" />
    <ClInclude Include="PopUpState.h" />
    <ClInclude Include="PopUpStateMachine.h" />
    <ClInclude Include="NoPopUp.h" />
    <ClInclude Include="EnterNamePopUpState.h" />
    <ClInclude Include="RecordTablePopUpState.h" />
    <ClInclude Include="AddNamePopUpState.h" />
    <ClInclude Include="AudioService.h" />
  </ItemGroup>
</Project>