<?xml version="1.0" encoding="utf-8"?>
<Project ToolsVersion="4.0" xmlns="http://schemas.microsoft.com/developer/msbuild/2003">
  <ItemGroup>
    <Filter Include="Sources">
      <UniqueIdentifier>{4FC737F1-C7A5-4376-A066-2A32D752A2FF}</UniqueIdentifier>
      <Extensions>cpp;c;cc;cxx;c++;cppm;ixx;def;odl;idl;hpj;bat;asm;asmx</Extensions>
    </Filter>
  </ItemGroup>
  <ItemGroup>
    <ClCompile Include="GameMain.cpp">
      <Filter>Sources</Filter>
    </ClCompile>
    <ClCompile Include="Game.cpp">
      <Filter>Sources</Filter>
    </ClCompile>
    <ClCompile Include="TimeService.cpp">
      <Filter>Sources</Filter>
    </ClCompile>
    <ClCompile Include="GameStateMachine.cpp">
      <Filter>Sources</Filter>
    </ClCompile>
    <ClCompile Include="GameState.cpp">
      <Filter>Sources</Filter>
    </ClCompile>
    <ClCompile Include="ResourceLoader.cpp">
      <Filter>Sources</Filter>
    </ClCompile>
    <ClCompile Include="MainMenuState.cpp">
      <Filter>Sources</Filter>
    </ClCompile>
    <ClCompile Include="TextMenu.cpp">
      <Filter>Sources</Filter>
    </ClCompile>
    <ClCompile Include="Text.cpp">
      <Filter>Sources</Filter>
    </ClCompile>
    <ClCompile Include="Mathematics.cpp">
      <Filter>Sources</Filter>
    </ClCompile>
    <ClCompile Include="GameplayState.cpp">
      <Filter>Sources</Filter>
    </ClCompile>
    <ClCompile Include="CloseApplication.cpp">
      <Filter>Sources</Filter>
    </ClCompile>
  </ItemGroup>
  <ItemGroup>
    <ClInclude Include="GameMain.h" />
    <ClInclude Include="Game.h" />
    <ClInclude Include="TimeService.h" />
    <ClInclude Include="GameStateMachine.h" />
    <ClInclude Include="GameState.h" />
    <ClInclude Include="ResourceLoader.h" />
    <ClInclude Include="MainMenuState.h" />
    <ClInclude Include="TextMenu.h" />
    <ClInclude Include="Text.h" />
    <ClInclude Include="Mathematics.h" />
    <ClInclude Include="GameplayState.h" />
    <ClInclude Include="CloseApplication.h" />
  </ItemGroup>
</Project>